
Microsoft Visual Studio Solution File, Format Version 12.00
# Visual Studio Version 16
VisualStudioVersion = 16.0.31410.357
MinimumVisualStudioVersion = 10.0.40219.1
Project("{FAE04EC0-301F-11D3-BF4B-00C04F79EFBC}") = "WinFormsApp1", "WinFormsApp1\WinFormsApp1.csproj", "{A5085FEE-D425-44C9-B664-CFC7658865CB}"
EndProject
Global
	GlobalSection(SolutionConfigurationPlatforms) = preSolution
		Debug|Any CPU = Debug|Any CPU
		Release|Any CPU = Release|Any CPU
	EndGlobalSection
	GlobalSection(ProjectConfigurationPlatforms) = postSolution
		{A5085FEE-D425-44C9-B664-CFC7658865CB}.Debug|Any CPU.ActiveCfg = Debug|Any CPU
		{A5085FEE-D425-44C9-B664-CFC7658865CB}.Debug|Any CPU.Build.0 = Debug|Any CPU
		{A5085FEE-D425-44C9-B664-CFC7658865CB}.Release|Any CPU.ActiveCfg = Release|Any CPU
		{A5085FEE-D425-44C9-B664-CFC7658865CB}.Release|Any CPU.Build.0 = Release|Any CPU
	EndGlobalSection
	GlobalSection(SolutionProperties) = preSolution
		HideSolutionNode = FALSE
	EndGlobalSection
	GlobalSection(ExtensibilityGlobals) = postSolution
		SolutionGuid = {228788DC-F6B2-4A98-926F-13E0FB69D5DB}
	EndGlobalSection
EndGlobal
